
Microsoft Visual Studio Solution File, Format Version 12.00
# Visual Studio 15
VisualStudioVersion = 15.0.28307.168
MinimumVisualStudioVersion = 10.0.40219.1
Project("{FAE04EC0-301F-11D3-BF4B-00C04F79EFBC}") = "DMTViewer", "DMTViewer\DMTViewer.csproj", "{216212F9-1271-4900-92F8-E64D10C86128}"
EndProject
Project("{FAE04EC0-301F-11D3-BF4B-00C04F79EFBC}") = "DMT", "DMT\DMT.csproj", "{5C2F2244-EF02-42E9-851F-4586BAF801D6}"
EndProject
Global
	GlobalSection(SolutionConfigurationPlatforms) = preSolution
		Debug|Any CPU = Debug|Any CPU
		Release|Any CPU = Release|Any CPU
	EndGlobalSection
	GlobalSection(ProjectConfigurationPlatforms) = postSolution
		{216212F9-1271-4900-92F8-E64D10C86128}.Debug|Any CPU.ActiveCfg = Debug|Any CPU
		{216212F9-1271-4900-92F8-E64D10C86128}.Debug|Any CPU.Build.0 = Debug|Any CPU
		{216212F9-1271-4900-92F8-E64D10C86128}.Release|Any CPU.ActiveCfg = Release|Any CPU
		{216212F9-1271-4900-92F8-E64D10C86128}.Release|Any CPU.Build.0 = Release|Any CPU
		{5C2F2244-EF02-42E9-851F-4586BAF801D6}.Debug|Any CPU.ActiveCfg = Debug|Any CPU
		{5C2F2244-EF02-42E9-851F-4586BAF801D6}.Debug|Any CPU.Build.0 = Debug|Any CPU
		{5C2F2244-EF02-42E9-851F-4586BAF801D6}.Release|Any CPU.ActiveCfg = Release|Any CPU
		{5C2F2244-EF02-42E9-851F-4586BAF801D6}.Release|Any CPU.Build.0 = Release|Any CPU
	EndGlobalSection
	GlobalSection(SolutionProperties) = preSolution
		HideSolutionNode = FALSE
	EndGlobalSection
	GlobalSection(ExtensibilityGlobals) = postSolution
		SolutionGuid = {BCA6DF32-850A-49BF-968C-F76BBD4C6AB9}
	EndGlobalSection
EndGlobal
